
Microsoft Visual Studio Solution File, Format Version 12.00
# Visual Studio Version 17
VisualStudioVersion = 17.9.34616.47
MinimumVisualStudioVersion = 10.0.40219.1
Project("{FAE04EC0-301F-11D3-BF4B-00C04F79EFBC}") = "PetBooK.PL", "PetBooK.PL\PetBooK.PL.csproj", "{F89BF040-4166-49B8-91C9-5D7C4F93E83C}"
EndProject
Project("{FAE04EC0-301F-11D3-BF4B-00C04F79EFBC}") = "PetBooK.BL", "PetBooK.BL\PetBooK.BL.csproj", "{2A84477C-2969-4F3F-B3A6-D675B801A667}"
EndProject
Project("{FAE04EC0-301F-11D3-BF4B-00C04F79EFBC}") = "PetBooK.DAL", "PetBooK.DAL\PetBooK.DAL.csproj", "{CA70506D-A1FB-4C61-A043-46A6A693376E}"
EndProject
Global
	GlobalSection(SolutionConfigurationPlatforms) = preSolution
		Debug|Any CPU = Debug|Any CPU
		Release|Any CPU = Release|Any CPU
	EndGlobalSection
	GlobalSection(ProjectConfigurationPlatforms) = postSolution
		{F89BF040-4166-49B8-91C9-5D7C4F93E83C}.Debug|Any CPU.ActiveCfg = Debug|Any CPU
		{F89BF040-4166-49B8-91C9-5D7C4F93E83C}.Debug|Any CPU.Build.0 = Debug|Any CPU
		{F89BF040-4166-49B8-91C9-5D7C4F93E83C}.Release|Any CPU.ActiveCfg = Release|Any CPU
		{F89BF040-4166-49B8-91C9-5D7C4F93E83C}.Release|Any CPU.Build.0 = Release|Any CPU
		{2A84477C-2969-4F3F-B3A6-D675B801A667}.Debug|Any CPU.ActiveCfg = Debug|Any CPU
		{2A84477C-2969-4F3F-B3A6-D675B801A667}.Debug|Any CPU.Build.0 = Debug|Any CPU
		{2A84477C-2969-4F3F-B3A6-D675B801A667}.Release|Any CPU.ActiveCfg = Release|Any CPU
		{2A84477C-2969-4F3F-B3A6-D675B801A667}.Release|Any CPU.Build.0 = Release|Any CPU
		{CA70506D-A1FB-4C61-A043-46A6A693376E}.Debug|Any CPU.ActiveCfg = Debug|Any CPU
		{CA70506D-A1FB-4C61-A043-46A6A693376E}.Debug|Any CPU.Build.0 = Debug|Any CPU
		{CA70506D-A1FB-4C61-A043-46A6A693376E}.Release|Any CPU.ActiveCfg = Release|Any CPU
		{CA70506D-A1FB-4C61-A043-46A6A693376E}.Release|Any CPU.Build.0 = Release|Any CPU
	EndGlobalSection
	GlobalSection(SolutionProperties) = preSolution
		HideSolutionNode = FALSE
	EndGlobalSection
	GlobalSection(ExtensibilityGlobals) = postSolution
		SolutionGuid = {EA9C0476-F970-4B88-BC8B-CFC05BC48F9D}
	EndGlobalSection
EndGlobal
